// !$*UTF8*$!
{
	archiveVersion = 1;
	classes = {
	};
	objectVersion = 46;
	objects = {

/* Begin PBXBuildFile section */
		42CB85DB1B13BDB400368C64 /* SoapBubble.qtz in Resources */ = {isa = PBXBuildFile; fileRef = 42CB85DA1B13BDB400368C64 /* SoapBubble.qtz */; };
		42CB85DE1B14661200368C64 /* SoapBubbleView.swift in Sources */ = {isa = PBXBuildFile; fileRef = 42CB85DD1B14661200368C64 /* SoapBubbleView.swift */; };
		42CB85E61B147FB300368C64 /* thumbnail.png in Resources */ = {isa = PBXBuildFile; fileRef = 42CB85E41B147FB300368C64 /* thumbnail.png */; };
		42CB85E71B147FB300368C64 /* thumbnail@2x.png in Resources */ = {isa = PBXBuildFile; fileRef = 42CB85E51B147FB300368C64 /* thumbnail@2x.png */; };
		42CB85EA1B1514FE00368C64 /* SoapBubble1080p.mov in Resources */ = {isa = PBXBuildFile; fileRef = 42CB85E91B1514FE00368C64 /* SoapBubble1080p.mov */; };
/* End PBXBuildFile section */

/* Begin PBXFileReference section */
		42CB85C81B13BB5900368C64 /* SwiftBubble.saver */ = {isa = PBXFileReference; explicitFileType = wrapper.cfbundle; includeInIndex = 0; path = SwiftBubble.saver; sourceTree = BUILT_PRODUCTS_DIR; };
		42CB85CC1B13BB5900368C64 /* Info.plist */ = {isa = PBXFileReference; lastKnownFileType = text.plist.xml; path = Info.plist; sourceTree = "<group>"; };
		42CB85DA1B13BDB400368C64 /* SoapBubble.qtz */ = {isa = PBXFileReference; lastKnownFileType = "video.quartz-composer"; path = SoapBubble.qtz; sourceTree = "<group>"; };
		42CB85DD1B14661200368C64 /* SoapBubbleView.swift */ = {isa = PBXFileReference; fileEncoding = 4; lastKnownFileType = sourcecode.swift; path = SoapBubbleView.swift; sourceTree = "<group>"; };
		42CB85E41B147FB300368C64 /* thumbnail.png */ = {isa = PBXFileReference; lastKnownFileType = image.png; path = thumbnail.png; sourceTree = "<group>"; };
		42CB85E51B147FB300368C64 /* thumbnail@2x.png */ = {isa = PBXFileReference; lastKnownFileType = image.png; path = "thumbnail@2x.png"; sourceTree = "<group>"; };
		42CB85E81B14800F00368C64 /* thumbnail@2x.psd */ = {isa = PBXFileReference; lastKnownFileType = file; path = "thumbnail@2x.psd"; sourceTree = "<group>"; };
		42CB85E91B1514FE00368C64 /* SoapBubble1080p.mov */ = {isa = PBXFileReference; lastKnownFileType = video.quicktime; path = SoapBubble1080p.mov; sourceTree = "<group>"; };
/* End PBXFileReference section */

/* Begin PBXFrameworksBuildPhase section */
		42CB85C41B13BB5900368C64 /* Frameworks */ = {
			isa = PBXFrameworksBuildPhase;
			buildActionMask = 2147483647;
			files = (
			);
			runOnlyForDeploymentPostprocessing = 0;
		};
/* End PBXFrameworksBuildPhase section */

/* Begin PBXGroup section */
		42CB85BE1B13BB5900368C64 = {
			isa = PBXGroup;
			children = (
				42CB85CA1B13BB5900368C64 /* Soap Bubble */,
				42CB85C91B13BB5900368C64 /* Products */,
			);
			sourceTree = "<group>";
		};
		42CB85C91B13BB5900368C64 /* Products */ = {
			isa = PBXGroup;
			children = (
				42CB85C81B13BB5900368C64 /* SwiftBubble.saver */,
			);
			name = Products;
			sourceTree = "<group>";
		};
		42CB85CA1B13BB5900368C64 /* Soap Bubble */ = {
			isa = PBXGroup;
			children = (
				42CB85DD1B14661200368C64 /* SoapBubbleView.swift */,
				42CB85CB1B13BB5900368C64 /* Supporting Files */,
			);
			path = "Soap Bubble";
			sourceTree = "<group>";
		};
		42CB85CB1B13BB5900368C64 /* Supporting Files */ = {
			isa = PBXGroup;
			children = (
				42CB85DA1B13BDB400368C64 /* SoapBubble.qtz */,
				42CB85E41B147FB300368C64 /* thumbnail.png */,
				42CB85E51B147FB300368C64 /* thumbnail@2x.png */,
				42CB85E91B1514FE00368C64 /* SoapBubble1080p.mov */,
				42CB85E81B14800F00368C64 /* thumbnail@2x.psd */,
				42CB85CC1B13BB5900368C64 /* Info.plist */,
			);
			name = "Supporting Files";
			sourceTree = "<group>";
		};
/* End PBXGroup section */

/* Begin PBXHeadersBuildPhase section */
		42CB85C51B13BB5900368C64 /* Headers */ = {
			isa = PBXHeadersBuildPhase;
			buildActionMask = 2147483647;
			files = (
			);
			runOnlyForDeploymentPostprocessing = 0;
		};
/* End PBXHeadersBuildPhase section */

/* Begin PBXNativeTarget section */
		42CB85C71B13BB5900368C64 /* SwiftBubble */ = {
			isa = PBXNativeTarget;
			buildConfigurationList = 42CB85D31B13BB5900368C64 /* Build configuration list for PBXNativeTarget "SwiftBubble" */;
			buildPhases = (
				42CB85C31B13BB5900368C64 /* Sources */,
				42CB85C41B13BB5900368C64 /* Frameworks */,
				42CB85C51B13BB5900368C64 /* Headers */,
				42CB85C61B13BB5900368C64 /* Resources */,
				42CB85E11B146C0900368C64 /* ShellScript */,
			);
			buildRules = (
			);
			dependencies = (
			);
			name = SwiftBubble;
			productName = "Soap Bubble";
			productReference = 42CB85C81B13BB5900368C64 /* SwiftBubble.saver */;
			productType = "com.apple.product-type.bundle";
		};
/* End PBXNativeTarget section */

/* Begin PBXProject section */
		42CB85BF1B13BB5900368C64 /* Project object */ = {
			isa = PBXProject;
			attributes = {
				LastUpgradeCheck = 0640;
				ORGANIZATIONNAME = "Felix Grabowski";
				TargetAttributes = {
					42CB85C71B13BB5900368C64 = {
						CreatedOnToolsVersion = 6.3.2;
					};
				};
			};
			buildConfigurationList = 42CB85C21B13BB5900368C64 /* Build configuration list for PBXProject "SwiftBubble" */;
			compatibilityVersion = "Xcode 3.2";
			developmentRegion = English;
			hasScannedForEncodings = 0;
			knownRegions = (
				en,
			);
			mainGroup = 42CB85BE1B13BB5900368C64;
			productRefGroup = 42CB85C91B13BB5900368C64 /* Products */;
			projectDirPath = "";
			projectRoot = "";
			targets = (
				42CB85C71B13BB5900368C64 /* SwiftBubble */,
			);
		};
/* End PBXProject section */

/* Begin PBXResourcesBuildPhase section */
		42CB85C61B13BB5900368C64 /* Resources */ = {
			isa = PBXResourcesBuildPhase;
			buildActionMask = 2147483647;
			files = (
				42CB85E71B147FB300368C64 /* thumbnail@2x.png in Resources */,
				42CB85EA1B1514FE00368C64 /* SoapBubble1080p.mov in Resources */,
				42CB85DB1B13BDB400368C64 /* SoapBubble.qtz in Resources */,
				42CB85E61B147FB300368C64 /* thumbnail.png in Resources */,
			);
			runOnlyForDeploymentPostprocessing = 0;
		};
/* End PBXResourcesBuildPhase section */

/* Begin PBXShellScriptBuildPhase section */
		42CB85E11B146C0900368C64 /* ShellScript */ = {
			isa = PBXShellScriptBuildPhase;
			buildActionMask = 2147483647;
			files = (
			);
			inputPaths = (
			);
			outputPaths = (
			);
			runOnlyForDeploymentPostprocessing = 0;
			shellPath = /bin/sh;
			shellScript = "# This script will put a link to the screen saver in the current user's Screen Saver folder (~/library/Screen Savers/) if you're building in debug, but clears out the screen saver for release builds.\n\n# Make sure Screen Savers folder exists\n#if ! [ -d \"${USER_LIBRARY_DIR}/Screen Savers\" ]; then\n#mkdir \"${USER_LIBRARY_DIR}/Screen Savers\"\n#fi\n\n\n# Clean up any previous products/symbolic links in the Screen Savers folder\nif [ -a \"${USER_LIBRARY_DIR}/Screen Savers/${FULL_PRODUCT_NAME}\" ]; then\nrm -Rf \"${USER_LIBRARY_DIR}/Screen Savers/${FULL_PRODUCT_NAME}\"\nfi\n\n# Depending on the build configuration, link to the most recent product\nif [ \"${CONFIGURATION}\" == \"Debug\" ]; then\n# if we're debugging, add a symbolic link to the screen saver\nln -sf \"${TARGET_BUILD_DIR}/${FULL_PRODUCT_NAME}\" \\\n\"${USER_LIBRARY_DIR}/Screen Savers/${FULL_PRODUCT_NAME}\"\nfi";
		};
/* End PBXShellScriptBuildPhase section */

/* Begin PBXSourcesBuildPhase section */
		42CB85C31B13BB5900368C64 /* Sources */ = {
			isa = PBXSourcesBuildPhase;
			buildActionMask = 2147483647;
			files = (
				42CB85DE1B14661200368C64 /* SoapBubbleView.swift in Sources */,
			);
			runOnlyForDeploymentPostprocessing = 0;
		};
/* End PBXSourcesBuildPhase section */

/* Begin XCBuildConfiguration section */
		42CB85D11B13BB5900368C64 /* Debug */ = {
			isa = XCBuildConfiguration;
			buildSettings = {
				ALWAYS_SEARCH_USER_PATHS = NO;
				CLANG_CXX_LANGUAGE_STANDARD = "gnu++0x";
				CLANG_CXX_LIBRARY = "libc++";
				CLANG_ENABLE_MODULES = YES;
				CLANG_ENABLE_OBJC_ARC = YES;
				CLANG_WARN_BOOL_CONVERSION = YES;
				CLANG_WARN_CONSTANT_CONVERSION = YES;
				CLANG_WARN_DIRECT_OBJC_ISA_USAGE = YES_ERROR;
				CLANG_WARN_EMPTY_BODY = YES;
				CLANG_WARN_ENUM_CONVERSION = YES;
				CLANG_WARN_INT_CONVERSION = YES;
				CLANG_WARN_OBJC_ROOT_CLASS = YES_ERROR;
				CLANG_WARN_UNREACHABLE_CODE = YES;
				CLANG_WARN__DUPLICATE_METHOD_MATCH = YES;
				COPY_PHASE_STRIP = NO;
				DEBUG_INFORMATION_FORMAT = dwarf;
				ENABLE_STRICT_OBJC_MSGSEND = YES;
				GCC_C_LANGUAGE_STANDARD = gnu99;
				GCC_DYNAMIC_NO_PIC = NO;
				GCC_NO_COMMON_BLOCKS = YES;
				GCC_OPTIMIZATION_LEVEL = 0;
				GCC_PREPROCESSOR_DEFINITIONS = (
					"DEBUG=1",
					"$(inherited)",
				);
				GCC_SYMBOLS_PRIVATE_EXTERN = NO;
				GCC_WARN_64_TO_32_BIT_CONVERSION = YES;
				GCC_WARN_ABOUT_RETURN_TYPE = YES_ERROR;
				GCC_WARN_UNDECLARED_SELECTOR = YES;
				GCC_WARN_UNINITIALIZED_AUTOS = YES_AGGRESSIVE;
				GCC_WARN_UNUSED_FUNCTION = YES;
				GCC_WARN_UNUSED_VARIABLE = YES;
				MACOSX_DEPLOYMENT_TARGET = 10.9;
				MTL_ENABLE_DEBUG_INFO = YES;
				ONLY_ACTIVE_ARCH = YES;
				SDKROOT = macosx;
			};
			name = Debug;
		};
		42CB85D21B13BB5900368C64 /* Release */ = {
			isa = XCBuildConfiguration;
			buildSettings = {
				ALWAYS_SEARCH_USER_PATHS = NO;
				CLANG_CXX_LANGUAGE_STANDARD = "gnu++0x";
				CLANG_CXX_LIBRARY = "libc++";
				CLANG_ENABLE_MODULES = YES;
				CLANG_ENABLE_OBJC_ARC = YES;
				CLANG_WARN_BOOL_CONVERSION = YES;
				CLANG_WARN_CONSTANT_CONVERSION = YES;
				CLANG_WARN_DIRECT_OBJC_ISA_USAGE = YES_ERROR;
				CLANG_WARN_EMPTY_BODY = YES;
				CLANG_WARN_ENUM_CONVERSION = YES;
				CLANG_WARN_INT_CONVERSION = YES;
				CLANG_WARN_OBJC_ROOT_CLASS = YES_ERROR;
				CLANG_WARN_UNREACHABLE_CODE = YES;
				CLANG_WARN__DUPLICATE_METHOD_MATCH = YES;
				COPY_PHASE_STRIP = NO;
				DEBUG_INFORMATION_FORMAT = "dwarf-with-dsym";
				ENABLE_NS_ASSERTIONS = NO;
				ENABLE_STRICT_OBJC_MSGSEND = YES;
				GCC_C_LANGUAGE_STANDARD = gnu99;
				GCC_NO_COMMON_BLOCKS = YES;
				GCC_WARN_64_TO_32_BIT_CONVERSION = YES;
				GCC_WARN_ABOUT_RETURN_TYPE = YES_ERROR;
				GCC_WARN_UNDECLARED_SELECTOR = YES;
				GCC_WARN_UNINITIALIZED_AUTOS = YES_AGGRESSIVE;
				GCC_WARN_UNUSED_FUNCTION = YES;
				GCC_WARN_UNUSED_VARIABLE = YES;
				MACOSX_DEPLOYMENT_TARGET = 10.9;
				MTL_ENABLE_DEBUG_INFO = NO;
				SDKROOT = macosx;
			};
			name = Release;
		};
		42CB85D41B13BB5900368C64 /* Debug */ = {
			isa = XCBuildConfiguration;
			buildSettings = {
				CLANG_ENABLE_MODULES = YES;
				COMBINE_HIDPI_IMAGES = YES;
				EMBEDDED_CONTENT_CONTAINS_SWIFT = YES;
				INFOPLIST_FILE = "Soap Bubble/Info.plist";
				INSTALL_PATH = "$(HOME)/Library/Screen Savers";
				LD_RUNPATH_SEARCH_PATHS = "$(inherited) @executable_path/../Frameworks @loader_path/../Frameworks";
				PRODUCT_NAME = "$(TARGET_NAME)";
				SWIFT_INSTALL_OBJC_HEADER = NO;
				SWIFT_OBJC_BRIDGING_HEADER = "";
				SWIFT_OBJC_INTERFACE_HEADER_NAME = "";
				SWIFT_OPTIMIZATION_LEVEL = "-Onone";
				WRAPPER_EXTENSION = saver;
			};
			name = Debug;
		};
		42CB85D51B13BB5900368C64 /* Release */ = {
			isa = XCBuildConfiguration;
			buildSettings = {
				CLANG_ENABLE_MODULES = YES;
				COMBINE_HIDPI_IMAGES = YES;
				EMBEDDED_CONTENT_CONTAINS_SWIFT = YES;
				INFOPLIST_FILE = "Soap Bubble/Info.plist";
				INSTALL_PATH = "$(HOME)/Library/Screen Savers";
				LD_RUNPATH_SEARCH_PATHS = "$(inherited) @executable_path/../Frameworks @loader_path/../Frameworks";
				PRODUCT_NAME = "$(TARGET_NAME)";
				SWIFT_INSTALL_OBJC_HEADER = NO;
				SWIFT_OBJC_BRIDGING_HEADER = "";
				SWIFT_OBJC_INTERFACE_HEADER_NAME = "";
				WRAPPER_EXTENSION = saver;
			};
			name = Release;
		};
/* End XCBuildConfiguration section */

/* Begin XCConfigurationList section */
		42CB85C21B13BB5900368C64 /* Build configuration list for PBXProject "SwiftBubble" */ = {
			isa = XCConfigurationList;
			buildConfigurations = (
				42CB85D11B13BB5900368C64 /* Debug */,
				42CB85D21B13BB5900368C64 /* Release */,
			);
			defaultConfigurationIsVisible = 0;
			defaultConfigurationName = Release;
		};
		42CB85D31B13BB5900368C64 /* Build configuration list for PBXNativeTarget "SwiftBubble" */ = {
			isa = XCConfigurationList;
			buildConfigurations = (
				42CB85D41B13BB5900368C64 /* Debug */,
				42CB85D51B13BB5900368C64 /* Release */,
			);
			defaultConfigurationIsVisible = 0;
			defaultConfigurationName = Release;
		};
/* End XCConfigurationList section */
	};
	rootObject = 42CB85BF1B13BB5900368C64 /* Project object */;
}
